
Microsoft Visual Studio Solution File, Format Version 12.00
# Visual Studio Version 17
VisualStudioVersion = 17.4.33213.308
MinimumVisualStudioVersion = 10.0.40219.1
Project("{FAE04EC0-301F-11D3-BF4B-00C04F79EFBC}") = "internship1", "internship1\internship1.csproj", "{2471AC6B-6CCE-4FFB-AAD7-4F325521241D}"
EndProject
Global
	GlobalSection(SolutionConfigurationPlatforms) = preSolution
		Debug|Any CPU = Debug|Any CPU
		Release|Any CPU = Release|Any CPU
	EndGlobalSection
	GlobalSection(ProjectConfigurationPlatforms) = postSolution
		{2471AC6B-6CCE-4FFB-AAD7-4F325521241D}.Debug|Any CPU.ActiveCfg = Debug|Any CPU
		{2471AC6B-6CCE-4FFB-AAD7-4F325521241D}.Debug|Any CPU.Build.0 = Debug|Any CPU
		{2471AC6B-6CCE-4FFB-AAD7-4F325521241D}.Release|Any CPU.ActiveCfg = Release|Any CPU
		{2471AC6B-6CCE-4FFB-AAD7-4F325521241D}.Release|Any CPU.Build.0 = Release|Any CPU
	EndGlobalSection
	GlobalSection(SolutionProperties) = preSolution
		HideSolutionNode = FALSE
	EndGlobalSection
	GlobalSection(ExtensibilityGlobals) = postSolution
		SolutionGuid = {3045B7F1-0B2B-442A-A7AA-F75C6D955746}
	EndGlobalSection
EndGlobal
